
Microsoft Visual Studio Solution File, Format Version 10.00
# Visual Studio 2008
Project("{FAE04EC0-301F-11D3-BF4B-00C04F79EFBC}") = "MvcApplication1", "MvcApplication1\MvcApplication1.csproj", "{07F87971-00F0-4D54-AF9F-24B5F0CC20C0}"
EndProject
Project("{FAE04EC0-301F-11D3-BF4B-00C04F79EFBC}") = "MvcApplication1.Tests", "MvcApplication1.Tests\MvcApplication1.Tests.csproj", "{8DC14AF6-DA2D-4AE1-B312-3531367EACFA}"
EndProject
Global
	GlobalSection(SolutionConfigurationPlatforms) = preSolution
		Debug|Any CPU = Debug|Any CPU
		Release|Any CPU = Release|Any CPU
	EndGlobalSection
	GlobalSection(ProjectConfigurationPlatforms) = postSolution
		{07F87971-00F0-4D54-AF9F-24B5F0CC20C0}.Debug|Any CPU.ActiveCfg = Debug|Any CPU
		{07F87971-00F0-4D54-AF9F-24B5F0CC20C0}.Debug|Any CPU.Build.0 = Debug|Any CPU
		{07F87971-00F0-4D54-AF9F-24B5F0CC20C0}.Release|Any CPU.ActiveCfg = Release|Any CPU
		{07F87971-00F0-4D54-AF9F-24B5F0CC20C0}.Release|Any CPU.Build.0 = Release|Any CPU
		{8DC14AF6-DA2D-4AE1-B312-3531367EACFA}.Debug|Any CPU.ActiveCfg = Debug|Any CPU
		{8DC14AF6-DA2D-4AE1-B312-3531367EACFA}.Debug|Any CPU.Build.0 = Debug|Any CPU
		{8DC14AF6-DA2D-4AE1-B312-3531367EACFA}.Release|Any CPU.ActiveCfg = Release|Any CPU
		{8DC14AF6-DA2D-4AE1-B312-3531367EACFA}.Release|Any CPU.Build.0 = Release|Any CPU
	EndGlobalSection
	GlobalSection(SolutionProperties) = preSolution
		HideSolutionNode = FALSE
	EndGlobalSection
EndGlobal
